
Microsoft Visual Studio Solution File, Format Version 12.00
Project("{FAE04EC0-301F-11D3-BF4B-00C04F79EFBC}") = "Cat", "Cat.csproj", "{640E9A76-A879-4449-8847-61633E3580FE}"
EndProject
Global
	GlobalSection(SolutionConfigurationPlatforms) = preSolution
		Debug|Any CPU = Debug|Any CPU
		Release|Any CPU = Release|Any CPU
	EndGlobalSection
	GlobalSection(ProjectConfigurationPlatforms) = postSolution
		{640E9A76-A879-4449-8847-61633E3580FE}.Debug|Any CPU.ActiveCfg = Debug|Any CPU
		{640E9A76-A879-4449-8847-61633E3580FE}.Debug|Any CPU.Build.0 = Debug|Any CPU
		{640E9A76-A879-4449-8847-61633E3580FE}.Release|Any CPU.ActiveCfg = Release|Any CPU
		{640E9A76-A879-4449-8847-61633E3580FE}.Release|Any CPU.Build.0 = Release|Any CPU
	EndGlobalSection
EndGlobal
